// !$*UTF8*$!
{
	archiveVersion = 1;
	classes = {
	};
	objectVersion = 46;
	objects = {

/* Begin PBXBuildFile section */
		04E4BF501D8AE14100ED79BE /* AppDelegate.swift in Sources */ = {isa = PBXBuildFile; fileRef = 04E4BF4F1D8AE14100ED79BE /* AppDelegate.swift */; };
		04E4BF521D8AE14100ED79BE /* ViewController.swift in Sources */ = {isa = PBXBuildFile; fileRef = 04E4BF511D8AE14100ED79BE /* ViewController.swift */; };
		04E4BF551D8AE14100ED79BE /* Main.storyboard in Resources */ = {isa = PBXBuildFile; fileRef = 04E4BF531D8AE14100ED79BE /* Main.storyboard */; };
		04E4BF571D8AE14100ED79BE /* Assets.xcassets in Resources */ = {isa = PBXBuildFile; fileRef = 04E4BF561D8AE14100ED79BE /* Assets.xcassets */; };
		04E4BF5A1D8AE14100ED79BE /* LaunchScreen.storyboard in Resources */ = {isa = PBXBuildFile; fileRef = 04E4BF581D8AE14100ED79BE /* LaunchScreen.storyboard */; };
		04E4BF651D8AE14200ED79BE /* FoodAppIMessageTests.swift in Sources */ = {isa = PBXBuildFile; fileRef = 04E4BF641D8AE14200ED79BE /* FoodAppIMessageTests.swift */; };
		04E4BF701D8AE14200ED79BE /* FoodAppIMessageUITests.swift in Sources */ = {isa = PBXBuildFile; fileRef = 04E4BF6F1D8AE14200ED79BE /* FoodAppIMessageUITests.swift */; };
		04E4BF841D8AE17D00ED79BE /* Messages.framework in Frameworks */ = {isa = PBXBuildFile; fileRef = 04E4BF831D8AE17D00ED79BE /* Messages.framework */; };
		04E4BF871D8AE17D00ED79BE /* MessagesViewController.swift in Sources */ = {isa = PBXBuildFile; fileRef = 04E4BF861D8AE17D00ED79BE /* MessagesViewController.swift */; };
		04E4BF8A1D8AE17D00ED79BE /* MainInterface.storyboard in Resources */ = {isa = PBXBuildFile; fileRef = 04E4BF881D8AE17D00ED79BE /* MainInterface.storyboard */; };
		04E4BF8C1D8AE17D00ED79BE /* Assets.xcassets in Resources */ = {isa = PBXBuildFile; fileRef = 04E4BF8B1D8AE17D00ED79BE /* Assets.xcassets */; };
		04E4BF901D8AE17D00ED79BE /* FoodIMessage.appex in Embed App Extensions */ = {isa = PBXBuildFile; fileRef = 04E4BF811D8AE17D00ED79BE /* FoodIMessage.appex */; settings = {ATTRIBUTES = (RemoveHeadersOnCopy, ); }; };
		04E4BF961D8AE67500ED79BE /* CompactVC.swift in Sources */ = {isa = PBXBuildFile; fileRef = 04E4BF951D8AE67500ED79BE /* CompactVC.swift */; };
		04E4BF981D8AE69400ED79BE /* ExpandVC.swift in Sources */ = {isa = PBXBuildFile; fileRef = 04E4BF971D8AE69400ED79BE /* ExpandVC.swift */; };
		04E4BF9A1D8AF5D000ED79BE /* MessageModel.swift in Sources */ = {isa = PBXBuildFile; fileRef = 04E4BF991D8AF5D000ED79BE /* MessageModel.swift */; };
		04E4BF9C1D8AFCCB00ED79BE /* photo.jpg in Resources */ = {isa = PBXBuildFile; fileRef = 04E4BF9B1D8AFCCB00ED79BE /* photo.jpg */; };
		04E4BF9E1D8AFEF300ED79BE /* photo.jpg in Resources */ = {isa = PBXBuildFile; fileRef = 04E4BF9D1D8AFEF300ED79BE /* photo.jpg */; };
		04E4BFA01D8B004C00ED79BE /* foodSend.png in Resources */ = {isa = PBXBuildFile; fileRef = 04E4BF9F1D8B004C00ED79BE /* foodSend.png */; };
		04E4BFA21D8B005C00ED79BE /* foodReceive.png in Resources */ = {isa = PBXBuildFile; fileRef = 04E4BFA11D8B005C00ED79BE /* foodReceive.png */; };
/* End PBXBuildFile section */

/* Begin PBXContainerItemProxy section */
		04E4BF611D8AE14200ED79BE /* PBXContainerItemProxy */ = {
			isa = PBXContainerItemProxy;
			containerPortal = 04E4BF441D8AE14100ED79BE /* Project object */;
			proxyType = 1;
			remoteGlobalIDString = 04E4BF4B1D8AE14100ED79BE;
			remoteInfo = FoodAppIMessage;
		};
		04E4BF6C1D8AE14200ED79BE /* PBXContainerItemProxy */ = {
			isa = PBXContainerItemProxy;
			containerPortal = 04E4BF441D8AE14100ED79BE /* Project object */;
			proxyType = 1;
			remoteGlobalIDString = 04E4BF4B1D8AE14100ED79BE;
			remoteInfo = FoodAppIMessage;
		};
		04E4BF8E1D8AE17D00ED79BE /* PBXContainerItemProxy */ = {
			isa = PBXContainerItemProxy;
			containerPortal = 04E4BF441D8AE14100ED79BE /* Project object */;
			proxyType = 1;
			remoteGlobalIDString = 04E4BF801D8AE17D00ED79BE;
			remoteInfo = FoodIMessage;
		};
/* End PBXContainerItemProxy section */

/* Begin PBXCopyFilesBuildPhase section */
		04E4BF941D8AE17D00ED79BE /* Embed App Extensions */ = {
			isa = PBXCopyFilesBuildPhase;
			buildActionMask = 2147483647;
			dstPath = "";
			dstSubfolderSpec = 13;
			files = (
				04E4BF901D8AE17D00ED79BE /* FoodIMessage.appex in Embed App Extensions */,
			);
			name = "Embed App Extensions";
			runOnlyForDeploymentPostprocessing = 0;
		};
/* End PBXCopyFilesBuildPhase section */

/* Begin PBXFileReference section */
		04E4BF4C1D8AE14100ED79BE /* FoodAppIMessage.app */ = {isa = PBXFileReference; explicitFileType = wrapper.application; includeInIndex = 0; path = FoodAppIMessage.app; sourceTree = BUILT_PRODUCTS_DIR; };
		04E4BF4F1D8AE14100ED79BE /* AppDelegate.swift */ = {isa = PBXFileReference; lastKnownFileType = sourcecode.swift; path = AppDelegate.swift; sourceTree = "<group>"; };
		04E4BF511D8AE14100ED79BE /* ViewController.swift */ = {isa = PBXFileReference; lastKnownFileType = sourcecode.swift; path = ViewController.swift; sourceTree = "<group>"; };
		04E4BF541D8AE14100ED79BE /* Base */ = {isa = PBXFileReference; lastKnownFileType = file.storyboard; name = Base; path = Base.lproj/Main.storyboard; sourceTree = "<group>"; };
		04E4BF561D8AE14100ED79BE /* Assets.xcassets */ = {isa = PBXFileReference; lastKnownFileType = folder.assetcatalog; path = Assets.xcassets; sourceTree = "<group>"; };
		04E4BF591D8AE14100ED79BE /* Base */ = {isa = PBXFileReference; lastKnownFileType = file.storyboard; name = Base; path = Base.lproj/LaunchScreen.storyboard; sourceTree = "<group>"; };
		04E4BF5B1D8AE14100ED79BE /* Info.plist */ = {isa = PBXFileReference; lastKnownFileType = text.plist.xml; path = Info.plist; sourceTree = "<group>"; };
		04E4BF601D8AE14200ED79BE /* FoodAppIMessageTests.xctest */ = {isa = PBXFileReference; explicitFileType = wrapper.cfbundle; includeInIndex = 0; path = FoodAppIMessageTests.xctest; sourceTree = BUILT_PRODUCTS_DIR; };
		04E4BF641D8AE14200ED79BE /* FoodAppIMessageTests.swift */ = {isa = PBXFileReference; lastKnownFileType = sourcecode.swift; path = FoodAppIMessageTests.swift; sourceTree = "<group>"; };
		04E4BF661D8AE14200ED79BE /* Info.plist */ = {isa = PBXFileReference; lastKnownFileType = text.plist.xml; path = Info.plist; sourceTree = "<group>"; };
		04E4BF6B1D8AE14200ED79BE /* FoodAppIMessageUITests.xctest */ = {isa = PBXFileReference; explicitFileType = wrapper.cfbundle; includeInIndex = 0; path = FoodAppIMessageUITests.xctest; sourceTree = BUILT_PRODUCTS_DIR; };
		04E4BF6F1D8AE14200ED79BE /* FoodAppIMessageUITests.swift */ = {isa = PBXFileReference; lastKnownFileType = sourcecode.swift; path = FoodAppIMessageUITests.swift; sourceTree = "<group>"; };
		04E4BF711D8AE14200ED79BE /* Info.plist */ = {isa = PBXFileReference; lastKnownFileType = text.plist.xml; path = Info.plist; sourceTree = "<group>"; };
		04E4BF811D8AE17D00ED79BE /* FoodIMessage.appex */ = {isa = PBXFileReference; explicitFileType = "wrapper.app-extension"; includeInIndex = 0; path = FoodIMessage.appex; sourceTree = BUILT_PRODUCTS_DIR; };
		04E4BF831D8AE17D00ED79BE /* Messages.framework */ = {isa = PBXFileReference; lastKnownFileType = wrapper.framework; name = Messages.framework; path = System/Library/Frameworks/Messages.framework; sourceTree = SDKROOT; };
		04E4BF861D8AE17D00ED79BE /* MessagesViewController.swift */ = {isa = PBXFileReference; lastKnownFileType = sourcecode.swift; path = MessagesViewController.swift; sourceTree = "<group>"; };
		04E4BF891D8AE17D00ED79BE /* Base */ = {isa = PBXFileReference; lastKnownFileType = file.storyboard; name = Base; path = Base.lproj/MainInterface.storyboard; sourceTree = "<group>"; };
		04E4BF8B1D8AE17D00ED79BE /* Assets.xcassets */ = {isa = PBXFileReference; lastKnownFileType = folder.assetcatalog; path = Assets.xcassets; sourceTree = "<group>"; };
		04E4BF8D1D8AE17D00ED79BE /* Info.plist */ = {isa = PBXFileReference; lastKnownFileType = text.plist.xml; path = Info.plist; sourceTree = "<group>"; };
		04E4BF951D8AE67500ED79BE /* CompactVC.swift */ = {isa = PBXFileReference; fileEncoding = 4; lastKnownFileType = sourcecode.swift; path = CompactVC.swift; sourceTree = "<group>"; };
		04E4BF971D8AE69400ED79BE /* ExpandVC.swift */ = {isa = PBXFileReference; fileEncoding = 4; lastKnownFileType = sourcecode.swift; path = ExpandVC.swift; sourceTree = "<group>"; };
		04E4BF991D8AF5D000ED79BE /* MessageModel.swift */ = {isa = PBXFileReference; fileEncoding = 4; lastKnownFileType = sourcecode.swift; path = MessageModel.swift; sourceTree = "<group>"; };
		04E4BF9B1D8AFCCB00ED79BE /* photo.jpg */ = {isa = PBXFileReference; lastKnownFileType = image.jpeg; name = photo.jpg; path = ../../../photo.jpg; sourceTree = "<group>"; };
		04E4BF9D1D8AFEF300ED79BE /* photo.jpg */ = {isa = PBXFileReference; lastKnownFileType = image.jpeg; name = photo.jpg; path = FoodIMessage/photo.jpg; sourceTree = SOURCE_ROOT; };
		04E4BF9F1D8B004C00ED79BE /* foodSend.png */ = {isa = PBXFileReference; lastKnownFileType = image.png; name = foodSend.png; path = ../../foodSend.png; sourceTree = "<group>"; };
		04E4BFA11D8B005C00ED79BE /* foodReceive.png */ = {isa = PBXFileReference; lastKnownFileType = image.png; path = foodReceive.png; sourceTree = "<group>"; };
/* End PBXFileReference section */

/* Begin PBXFrameworksBuildPhase section */
		04E4BF491D8AE14100ED79BE /* Frameworks */ = {
			isa = PBXFrameworksBuildPhase;
			buildActionMask = 2147483647;
			files = (
			);
			runOnlyForDeploymentPostprocessing = 0;
		};
		04E4BF5D1D8AE14200ED79BE /* Frameworks */ = {
			isa = PBXFrameworksBuildPhase;
			buildActionMask = 2147483647;
			files = (
			);
			runOnlyForDeploymentPostprocessing = 0;
		};
		04E4BF681D8AE14200ED79BE /* Frameworks */ = {
			isa = PBXFrameworksBuildPhase;
			buildActionMask = 2147483647;
			files = (
			);
			runOnlyForDeploymentPostprocessing = 0;
		};
		04E4BF7E1D8AE17D00ED79BE /* Frameworks */ = {
			isa = PBXFrameworksBuildPhase;
			buildActionMask = 2147483647;
			files = (
				04E4BF841D8AE17D00ED79BE /* Messages.framework in Frameworks */,
			);
			runOnlyForDeploymentPostprocessing = 0;
		};
/* End PBXFrameworksBuildPhase section */

/* Begin PBXGroup section */
		04E4BF431D8AE14100ED79BE = {
			isa = PBXGroup;
			children = (
				04E4BF9F1D8B004C00ED79BE /* foodSend.png */,
				04E4BF4E1D8AE14100ED79BE /* FoodAppIMessage */,
				04E4BF631D8AE14200ED79BE /* FoodAppIMessageTests */,
				04E4BF6E1D8AE14200ED79BE /* FoodAppIMessageUITests */,
				04E4BF851D8AE17D00ED79BE /* FoodIMessage */,
				04E4BF821D8AE17D00ED79BE /* Frameworks */,
				04E4BF4D1D8AE14100ED79BE /* Products */,
			);
			sourceTree = "<group>";
		};
		04E4BF4D1D8AE14100ED79BE /* Products */ = {
			isa = PBXGroup;
			children = (
				04E4BF4C1D8AE14100ED79BE /* FoodAppIMessage.app */,
				04E4BF601D8AE14200ED79BE /* FoodAppIMessageTests.xctest */,
				04E4BF6B1D8AE14200ED79BE /* FoodAppIMessageUITests.xctest */,
				04E4BF811D8AE17D00ED79BE /* FoodIMessage.appex */,
			);
			name = Products;
			sourceTree = "<group>";
		};
		04E4BF4E1D8AE14100ED79BE /* FoodAppIMessage */ = {
			isa = PBXGroup;
			children = (
				04E4BF9D1D8AFEF300ED79BE /* photo.jpg */,
				04E4BF4F1D8AE14100ED79BE /* AppDelegate.swift */,
				04E4BF9B1D8AFCCB00ED79BE /* photo.jpg */,
				04E4BFA11D8B005C00ED79BE /* foodReceive.png */,
				04E4BF511D8AE14100ED79BE /* ViewController.swift */,
				04E4BF531D8AE14100ED79BE /* Main.storyboard */,
				04E4BF561D8AE14100ED79BE /* Assets.xcassets */,
				04E4BF581D8AE14100ED79BE /* LaunchScreen.storyboard */,
				04E4BF5B1D8AE14100ED79BE /* Info.plist */,
			);
			path = FoodAppIMessage;
			sourceTree = "<group>";
		};
		04E4BF631D8AE14200ED79BE /* FoodAppIMessageTests */ = {
			isa = PBXGroup;
			children = (
				04E4BF641D8AE14200ED79BE /* FoodAppIMessageTests.swift */,
				04E4BF661D8AE14200ED79BE /* Info.plist */,
			);
			path = FoodAppIMessageTests;
			sourceTree = "<group>";
		};
		04E4BF6E1D8AE14200ED79BE /* FoodAppIMessageUITests */ = {
			isa = PBXGroup;
			children = (
				04E4BF6F1D8AE14200ED79BE /* FoodAppIMessageUITests.swift */,
				04E4BF711D8AE14200ED79BE /* Info.plist */,
			);
			path = FoodAppIMessageUITests;
			sourceTree = "<group>";
		};
		04E4BF821D8AE17D00ED79BE /* Frameworks */ = {
			isa = PBXGroup;
			children = (
				04E4BF831D8AE17D00ED79BE /* Messages.framework */,
			);
			name = Frameworks;
			sourceTree = "<group>";
		};
		04E4BF851D8AE17D00ED79BE /* FoodIMessage */ = {
			isa = PBXGroup;
			children = (
				04E4BF861D8AE17D00ED79BE /* MessagesViewController.swift */,
				04E4BF881D8AE17D00ED79BE /* MainInterface.storyboard */,
				04E4BF8B1D8AE17D00ED79BE /* Assets.xcassets */,
				04E4BF8D1D8AE17D00ED79BE /* Info.plist */,
				04E4BF951D8AE67500ED79BE /* CompactVC.swift */,
				04E4BF971D8AE69400ED79BE /* ExpandVC.swift */,
				04E4BF991D8AF5D000ED79BE /* MessageModel.swift */,
			);
			path = FoodIMessage;
			sourceTree = "<group>";
		};
/* End PBXGroup section */

/* Begin PBXNativeTarget section */
		04E4BF4B1D8AE14100ED79BE /* FoodAppIMessage */ = {
			isa = PBXNativeTarget;
			buildConfigurationList = 04E4BF741D8AE14200ED79BE /* Build configuration list for PBXNativeTarget "FoodAppIMessage" */;
			buildPhases = (
				04E4BF481D8AE14100ED79BE /* Sources */,
				04E4BF491D8AE14100ED79BE /* Frameworks */,
				04E4BF4A1D8AE14100ED79BE /* Resources */,
				04E4BF941D8AE17D00ED79BE /* Embed App Extensions */,
			);
			buildRules = (
			);
			dependencies = (
				04E4BF8F1D8AE17D00ED79BE /* PBXTargetDependency */,
			);
			name = FoodAppIMessage;
			productName = FoodAppIMessage;
			productReference = 04E4BF4C1D8AE14100ED79BE /* FoodAppIMessage.app */;
			productType = "com.apple.product-type.application";
		};
		04E4BF5F1D8AE14200ED79BE /* FoodAppIMessageTests */ = {
			isa = PBXNativeTarget;
			buildConfigurationList = 04E4BF771D8AE14200ED79BE /* Build configuration list for PBXNativeTarget "FoodAppIMessageTests" */;
			buildPhases = (
				04E4BF5C1D8AE14200ED79BE /* Sources */,
				04E4BF5D1D8AE14200ED79BE /* Frameworks */,
				04E4BF5E1D8AE14200ED79BE /* Resources */,
			);
			buildRules = (
			);
			dependencies = (
				04E4BF621D8AE14200ED79BE /* PBXTargetDependency */,
			);
			name = FoodAppIMessageTests;
			productName = FoodAppIMessageTests;
			productReference = 04E4BF601D8AE14200ED79BE /* FoodAppIMessageTests.xctest */;
			productType = "com.apple.product-type.bundle.unit-test";
		};
		04E4BF6A1D8AE14200ED79BE /* FoodAppIMessageUITests */ = {
			isa = PBXNativeTarget;
			buildConfigurationList = 04E4BF7A1D8AE14200ED79BE /* Build configuration list for PBXNativeTarget "FoodAppIMessageUITests" */;
			buildPhases = (
				04E4BF671D8AE14200ED79BE /* Sources */,
				04E4BF681D8AE14200ED79BE /* Frameworks */,
				04E4BF691D8AE14200ED79BE /* Resources */,
			);
			buildRules = (
			);
			dependencies = (
				04E4BF6D1D8AE14200ED79BE /* PBXTargetDependency */,
			);
			name = FoodAppIMessageUITests;
			productName = FoodAppIMessageUITests;
			productReference = 04E4BF6B1D8AE14200ED79BE /* FoodAppIMessageUITests.xctest */;
			productType = "com.apple.product-type.bundle.ui-testing";
		};
		04E4BF801D8AE17D00ED79BE /* FoodIMessage */ = {
			isa = PBXNativeTarget;
			buildConfigurationList = 04E4BF911D8AE17D00ED79BE /* Build configuration list for PBXNativeTarget "FoodIMessage" */;
			buildPhases = (
				04E4BF7D1D8AE17D00ED79BE /* Sources */,
				04E4BF7E1D8AE17D00ED79BE /* Frameworks */,
				04E4BF7F1D8AE17D00ED79BE /* Resources */,
			);
			buildRules = (
			);
			dependencies = (
			);
			name = FoodIMessage;
			productName = FoodIMessage;
			productReference = 04E4BF811D8AE17D00ED79BE /* FoodIMessage.appex */;
			productType = "com.apple.product-type.app-extension.messages";
		};
/* End PBXNativeTarget section */

/* Begin PBXProject section */
		04E4BF441D8AE14100ED79BE /* Project object */ = {
			isa = PBXProject;
			attributes = {
				LastSwiftUpdateCheck = 0800;
				LastUpgradeCheck = 0800;
				ORGANIZATIONNAME = FoodApp;
				TargetAttributes = {
					04E4BF4B1D8AE14100ED79BE = {
						CreatedOnToolsVersion = 8.0;
						ProvisioningStyle = Automatic;
					};
					04E4BF5F1D8AE14200ED79BE = {
						CreatedOnToolsVersion = 8.0;
						ProvisioningStyle = Automatic;
						TestTargetID = 04E4BF4B1D8AE14100ED79BE;
					};
					04E4BF6A1D8AE14200ED79BE = {
						CreatedOnToolsVersion = 8.0;
						ProvisioningStyle = Automatic;
						TestTargetID = 04E4BF4B1D8AE14100ED79BE;
					};
					04E4BF801D8AE17D00ED79BE = {
						CreatedOnToolsVersion = 8.0;
						ProvisioningStyle = Automatic;
					};
				};
			};
			buildConfigurationList = 04E4BF471D8AE14100ED79BE /* Build configuration list for PBXProject "FoodAppIMessage" */;
			compatibilityVersion = "Xcode 3.2";
			developmentRegion = English;
			hasScannedForEncodings = 0;
			knownRegions = (
				en,
				Base,
			);
			mainGroup = 04E4BF431D8AE14100ED79BE;
			productRefGroup = 04E4BF4D1D8AE14100ED79BE /* Products */;
			projectDirPath = "";
			projectRoot = "";
			targets = (
				04E4BF4B1D8AE14100ED79BE /* FoodAppIMessage */,
				04E4BF5F1D8AE14200ED79BE /* FoodAppIMessageTests */,
				04E4BF6A1D8AE14200ED79BE /* FoodAppIMessageUITests */,
				04E4BF801D8AE17D00ED79BE /* FoodIMessage */,
			);
		};
/* End PBXProject section */

/* Begin PBXResourcesBuildPhase section */
		04E4BF4A1D8AE14100ED79BE /* Resources */ = {
			isa = PBXResourcesBuildPhase;
			buildActionMask = 2147483647;
			files = (
				04E4BFA01D8B004C00ED79BE /* foodSend.png in Resources */,
				04E4BFA21D8B005C00ED79BE /* foodReceive.png in Resources */,
				04E4BF5A1D8AE14100ED79BE /* LaunchScreen.storyboard in Resources */,
				04E4BF571D8AE14100ED79BE /* Assets.xcassets in Resources */,
				04E4BF9E1D8AFEF300ED79BE /* photo.jpg in Resources */,
				04E4BF551D8AE14100ED79BE /* Main.storyboard in Resources */,
			);
			runOnlyForDeploymentPostprocessing = 0;
		};
		04E4BF5E1D8AE14200ED79BE /* Resources */ = {
			isa = PBXResourcesBuildPhase;
			buildActionMask = 2147483647;
			files = (
			);
			runOnlyForDeploymentPostprocessing = 0;
		};
		04E4BF691D8AE14200ED79BE /* Resources */ = {
			isa = PBXResourcesBuildPhase;
			buildActionMask = 2147483647;
			files = (
			);
			runOnlyForDeploymentPostprocessing = 0;
		};
		04E4BF7F1D8AE17D00ED79BE /* Resources */ = {
			isa = PBXResourcesBuildPhase;
			buildActionMask = 2147483647;
			files = (
				04E4BF8C1D8AE17D00ED79BE /* Assets.xcassets in Resources */,
				04E4BF8A1D8AE17D00ED79BE /* MainInterface.storyboard in Resources */,
				04E4BF9C1D8AFCCB00ED79BE /* photo.jpg in Resources */,
			);
			runOnlyForDeploymentPostprocessing = 0;
		};
/* End PBXResourcesBuildPhase section */

/* Begin PBXSourcesBuildPhase section */
		04E4BF481D8AE14100ED79BE /* Sources */ = {
			isa = PBXSourcesBuildPhase;
			buildActionMask = 2147483647;
			files = (
				04E4BF521D8AE14100ED79BE /* ViewController.swift in Sources */,
				04E4BF501D8AE14100ED79BE /* AppDelegate.swift in Sources */,
			);
			runOnlyForDeploymentPostprocessing = 0;
		};
		04E4BF5C1D8AE14200ED79BE /* Sources */ = {
			isa = PBXSourcesBuildPhase;
			buildActionMask = 2147483647;
			files = (
				04E4BF651D8AE14200ED79BE /* FoodAppIMessageTests.swift in Sources */,
			);
			runOnlyForDeploymentPostprocessing = 0;
		};
		04E4BF671D8AE14200ED79BE /* Sources */ = {
			isa = PBXSourcesBuildPhase;
			buildActionMask = 2147483647;
			files = (
				04E4BF701D8AE14200ED79BE /* FoodAppIMessageUITests.swift in Sources */,
			);
			runOnlyForDeploymentPostprocessing = 0;
		};
		04E4BF7D1D8AE17D00ED79BE /* Sources */ = {
			isa = PBXSourcesBuildPhase;
			buildActionMask = 2147483647;
			files = (
				04E4BF981D8AE69400ED79BE /* ExpandVC.swift in Sources */,
				04E4BF961D8AE67500ED79BE /* CompactVC.swift in Sources */,
				04E4BF871D8AE17D00ED79BE /* MessagesViewController.swift in Sources */,
				04E4BF9A1D8AF5D000ED79BE /* MessageModel.swift in Sources */,
			);
			runOnlyForDeploymentPostprocessing = 0;
		};
/* End PBXSourcesBuildPhase section */

/* Begin PBXTargetDependency section */
		04E4BF621D8AE14200ED79BE /* PBXTargetDependency */ = {
			isa = PBXTargetDependency;
			target = 04E4BF4B1D8AE14100ED79BE /* FoodAppIMessage */;
			targetProxy = 04E4BF611D8AE14200ED79BE /* PBXContainerItemProxy */;
		};
		04E4BF6D1D8AE14200ED79BE /* PBXTargetDependency */ = {
			isa = PBXTargetDependency;
			target = 04E4BF4B1D8AE14100ED79BE /* FoodAppIMessage */;
			targetProxy = 04E4BF6C1D8AE14200ED79BE /* PBXContainerItemProxy */;
		};
		04E4BF8F1D8AE17D00ED79BE /* PBXTargetDependency */ = {
			isa = PBXTargetDependency;
			target = 04E4BF801D8AE17D00ED79BE /* FoodIMessage */;
			targetProxy = 04E4BF8E1D8AE17D00ED79BE /* PBXContainerItemProxy */;
		};
/* End PBXTargetDependency section */

/* Begin PBXVariantGroup section */
		04E4BF531D8AE14100ED79BE /* Main.storyboard */ = {
			isa = PBXVariantGroup;
			children = (
				04E4BF541D8AE14100ED79BE /* Base */,
			);
			name = Main.storyboard;
			sourceTree = "<group>";
		};
		04E4BF581D8AE14100ED79BE /* LaunchScreen.storyboard */ = {
			isa = PBXVariantGroup;
			children = (
				04E4BF591D8AE14100ED79BE /* Base */,
			);
			name = LaunchScreen.storyboard;
			sourceTree = "<group>";
		};
		04E4BF881D8AE17D00ED79BE /* MainInterface.storyboard */ = {
			isa = PBXVariantGroup;
			children = (
				04E4BF891D8AE17D00ED79BE /* Base */,
			);
			name = MainInterface.storyboard;
			sourceTree = "<group>";
		};
/* End PBXVariantGroup section */

/* Begin XCBuildConfiguration section */
		04E4BF721D8AE14200ED79BE /* Debug */ = {
			isa = XCBuildConfiguration;
			buildSettings = {
				ALWAYS_SEARCH_USER_PATHS = NO;
				CLANG_ANALYZER_NONNULL = YES;
				CLANG_CXX_LANGUAGE_STANDARD = "gnu++0x";
				CLANG_CXX_LIBRARY = "libc++";
				CLANG_ENABLE_MODULES = YES;
				CLANG_ENABLE_OBJC_ARC = YES;
				CLANG_WARN_BOOL_CONVERSION = YES;
				CLANG_WARN_CONSTANT_CONVERSION = YES;
				CLANG_WARN_DIRECT_OBJC_ISA_USAGE = YES_ERROR;
				CLANG_WARN_DOCUMENTATION_COMMENTS = YES;
				CLANG_WARN_EMPTY_BODY = YES;
				CLANG_WARN_ENUM_CONVERSION = YES;
				CLANG_WARN_INFINITE_RECURSION = YES;
				CLANG_WARN_INT_CONVERSION = YES;
				CLANG_WARN_OBJC_ROOT_CLASS = YES_ERROR;
				CLANG_WARN_SUSPICIOUS_MOVES = YES;
				CLANG_WARN_UNREACHABLE_CODE = YES;
				CLANG_WARN__DUPLICATE_METHOD_MATCH = YES;
				"CODE_SIGN_IDENTITY[sdk=iphoneos*]" = "iPhone Developer";
				COPY_PHASE_STRIP = NO;
				DEBUG_INFORMATION_FORMAT = dwarf;
				ENABLE_STRICT_OBJC_MSGSEND = YES;
				ENABLE_TESTABILITY = YES;
				GCC_C_LANGUAGE_STANDARD = gnu99;
				GCC_DYNAMIC_NO_PIC = NO;
				GCC_NO_COMMON_BLOCKS = YES;
				GCC_OPTIMIZATION_LEVEL = 0;
				GCC_PREPROCESSOR_DEFINITIONS = (
					"DEBUG=1",
					"$(inherited)",
				);
				GCC_WARN_64_TO_32_BIT_CONVERSION = YES;
				GCC_WARN_ABOUT_RETURN_TYPE = YES_ERROR;
				GCC_WARN_UNDECLARED_SELECTOR = YES;
				GCC_WARN_UNINITIALIZED_AUTOS = YES_AGGRESSIVE;
				GCC_WARN_UNUSED_FUNCTION = YES;
				GCC_WARN_UNUSED_VARIABLE = YES;
				IPHONEOS_DEPLOYMENT_TARGET = 10.0;
				MTL_ENABLE_DEBUG_INFO = YES;
				ONLY_ACTIVE_ARCH = YES;
				SDKROOT = iphoneos;
				SWIFT_ACTIVE_COMPILATION_CONDITIONS = DEBUG;
				SWIFT_OPTIMIZATION_LEVEL = "-Onone";
				TARGETED_DEVICE_FAMILY = "1,2";
			};
			name = Debug;
		};
		04E4BF731D8AE14200ED79BE /* Release */ = {
			isa = XCBuildConfiguration;
			buildSettings = {
				ALWAYS_SEARCH_USER_PATHS = NO;
				CLANG_ANALYZER_NONNULL = YES;
				CLANG_CXX_LANGUAGE_STANDARD = "gnu++0x";
				CLANG_CXX_LIBRARY = "libc++";
				CLANG_ENABLE_MODULES = YES;
				CLANG_ENABLE_OBJC_ARC = YES;
				CLANG_WARN_BOOL_CONVERSION = YES;
				CLANG_WARN_CONSTANT_CONVERSION = YES;
				CLANG_WARN_DIRECT_OBJC_ISA_USAGE = YES_ERROR;
				CLANG_WARN_DOCUMENTATION_COMMENTS = YES;
				CLANG_WARN_EMPTY_BODY = YES;
				CLANG_WARN_ENUM_CONVERSION = YES;
				CLANG_WARN_INFINITE_RECURSION = YES;
				CLANG_WARN_INT_CONVERSION = YES;
				CLANG_WARN_OBJC_ROOT_CLASS = YES_ERROR;
				CLANG_WARN_SUSPICIOUS_MOVES = YES;
				CLANG_WARN_UNREACHABLE_CODE = YES;
				CLANG_WARN__DUPLICATE_METHOD_MATCH = YES;
				"CODE_SIGN_IDENTITY[sdk=iphoneos*]" = "iPhone Developer";
				COPY_PHASE_STRIP = NO;
				DEBUG_INFORMATION_FORMAT = "dwarf-with-dsym";
				ENABLE_NS_ASSERTIONS = NO;
				ENABLE_STRICT_OBJC_MSGSEND = YES;
				GCC_C_LANGUAGE_STANDARD = gnu99;
				GCC_NO_COMMON_BLOCKS = YES;
				GCC_WARN_64_TO_32_BIT_CONVERSION = YES;
				GCC_WARN_ABOUT_RETURN_TYPE = YES_ERROR;
				GCC_WARN_UNDECLARED_SELECTOR = YES;
				GCC_WARN_UNINITIALIZED_AUTOS = YES_AGGRESSIVE;
				GCC_WARN_UNUSED_FUNCTION = YES;
				GCC_WARN_UNUSED_VARIABLE = YES;
				IPHONEOS_DEPLOYMENT_TARGET = 10.0;
				MTL_ENABLE_DEBUG_INFO = NO;
				SDKROOT = iphoneos;
				SWIFT_OPTIMIZATION_LEVEL = "-Owholemodule";
				TARGETED_DEVICE_FAMILY = "1,2";
				VALIDATE_PRODUCT = YES;
			};
			name = Release;
		};
		04E4BF751D8AE14200ED79BE /* Debug */ = {
			isa = XCBuildConfiguration;
			buildSettings = {
				ALWAYS_EMBED_SWIFT_STANDARD_LIBRARIES = YES;
				ASSETCATALOG_COMPILER_APPICON_NAME = AppIcon;
				INFOPLIST_FILE = FoodAppIMessage/Info.plist;
				LD_RUNPATH_SEARCH_PATHS = "$(inherited) @executable_path/Frameworks";
				PRODUCT_BUNDLE_IDENTIFIER = calculator.sks.FoodAppIMessage;
				PRODUCT_NAME = "$(TARGET_NAME)";
				SWIFT_VERSION = 3.0;
			};
			name = Debug;
		};
		04E4BF761D8AE14200ED79BE /* Release */ = {
			isa = XCBuildConfiguration;
			buildSettings = {
				ALWAYS_EMBED_SWIFT_STANDARD_LIBRARIES = YES;
				ASSETCATALOG_COMPILER_APPICON_NAME = AppIcon;
				INFOPLIST_FILE = FoodAppIMessage/Info.plist;
				LD_RUNPATH_SEARCH_PATHS = "$(inherited) @executable_path/Frameworks";
				PRODUCT_BUNDLE_IDENTIFIER = calculator.sks.FoodAppIMessage;
				PRODUCT_NAME = "$(TARGET_NAME)";
				SWIFT_VERSION = 3.0;
			};
			name = Release;
		};
		04E4BF781D8AE14200ED79BE /* Debug */ = {
			isa = XCBuildConfiguration;
			buildSettings = {
				ALWAYS_EMBED_SWIFT_STANDARD_LIBRARIES = YES;
				BUNDLE_LOADER = "$(TEST_HOST)";
				INFOPLIST_FILE = FoodAppIMessageTests/Info.plist;
				LD_RUNPATH_SEARCH_PATHS = "$(inherited) @executable_path/Frameworks @loader_path/Frameworks";
				PRODUCT_BUNDLE_IDENTIFIER = calculator.sks.FoodAppIMessageTests;
				PRODUCT_NAME = "$(TARGET_NAME)";
				SWIFT_VERSION = 3.0;
				TEST_HOST = "$(BUILT_PRODUCTS_DIR)/FoodAppIMessage.app/FoodAppIMessage";
			};
			name = Debug;
		};
		04E4BF791D8AE14200ED79BE /* Release */ = {
			isa = XCBuildConfiguration;
			buildSettings = {
				ALWAYS_EMBED_SWIFT_STANDARD_LIBRARIES = YES;
				BUNDLE_LOADER = "$(TEST_HOST)";
				INFOPLIST_FILE = FoodAppIMessageTests/Info.plist;
				LD_RUNPATH_SEARCH_PATHS = "$(inherited) @executable_path/Frameworks @loader_path/Frameworks";
				PRODUCT_BUNDLE_IDENTIFIER = calculator.sks.FoodAppIMessageTests;
				PRODUCT_NAME = "$(TARGET_NAME)";
				SWIFT_VERSION = 3.0;
				TEST_HOST = "$(BUILT_PRODUCTS_DIR)/FoodAppIMessage.app/FoodAppIMessage";
			};
			name = Release;
		};
		04E4BF7B1D8AE14200ED79BE /* Debug */ = {
			isa = XCBuildConfiguration;
			buildSettings = {
				ALWAYS_EMBED_SWIFT_STANDARD_LIBRARIES = YES;
				INFOPLIST_FILE = FoodAppIMessageUITests/Info.plist;
				LD_RUNPATH_SEARCH_PATHS = "$(inherited) @executable_path/Frameworks @loader_path/Frameworks";
				PRODUCT_BUNDLE_IDENTIFIER = calculator.sks.FoodAppIMessageUITests;
				PRODUCT_NAME = "$(TARGET_NAME)";
				SWIFT_VERSION = 3.0;
				TEST_TARGET_NAME = FoodAppIMessage;
			};
			name = Debug;
		};
		04E4BF7C1D8AE14200ED79BE /* Release */ = {
			isa = XCBuildConfiguration;
			buildSettings = {
				ALWAYS_EMBED_SWIFT_STANDARD_LIBRARIES = YES;
				INFOPLIST_FILE = FoodAppIMessageUITests/Info.plist;
				LD_RUNPATH_SEARCH_PATHS = "$(inherited) @executable_path/Frameworks @loader_path/Frameworks";
				PRODUCT_BUNDLE_IDENTIFIER = calculator.sks.FoodAppIMessageUITests;
				PRODUCT_NAME = "$(TARGET_NAME)";
				SWIFT_VERSION = 3.0;
				TEST_TARGET_NAME = FoodAppIMessage;
			};
			name = Release;
		};
		04E4BF921D8AE17D00ED79BE /* Debug */ = {
			isa = XCBuildConfiguration;
			buildSettings = {
				ASSETCATALOG_COMPILER_APPICON_NAME = "iMessage App Icon";
				INFOPLIST_FILE = FoodIMessage/Info.plist;
				LD_RUNPATH_SEARCH_PATHS = "$(inherited) @executable_path/Frameworks @executable_path/../../Frameworks";
				PRODUCT_BUNDLE_IDENTIFIER = calculator.sks.FoodAppIMessage.FoodIMessage;
				PRODUCT_NAME = "$(TARGET_NAME)";
				SKIP_INSTALL = YES;
				SWIFT_VERSION = 3.0;
			};
			name = Debug;
		};
		04E4BF931D8AE17D00ED79BE /* Release */ = {
			isa = XCBuildConfiguration;
			buildSettings = {
				ASSETCATALOG_COMPILER_APPICON_NAME = "iMessage App Icon";
				INFOPLIST_FILE = FoodIMessage/Info.plist;
				LD_RUNPATH_SEARCH_PATHS = "$(inherited) @executable_path/Frameworks @executable_path/../../Frameworks";
				PRODUCT_BUNDLE_IDENTIFIER = calculator.sks.FoodAppIMessage.FoodIMessage;
				PRODUCT_NAME = "$(TARGET_NAME)";
				SKIP_INSTALL = YES;
				SWIFT_VERSION = 3.0;
			};
			name = Release;
		};
/* End XCBuildConfiguration section */

/* Begin XCConfigurationList section */
		04E4BF471D8AE14100ED79BE /* Build configuration list for PBXProject "FoodAppIMessage" */ = {
			isa = XCConfigurationList;
			buildConfigurations = (
				04E4BF721D8AE14200ED79BE /* Debug */,
				04E4BF731D8AE14200ED79BE /* Release */,
			);
			defaultConfigurationIsVisible = 0;
			defaultConfigurationName = Release;
		};
		04E4BF741D8AE14200ED79BE /* Build configuration list for PBXNativeTarget "FoodAppIMessage" */ = {
			isa = XCConfigurationList;
			buildConfigurations = (
				04E4BF751D8AE14200ED79BE /* Debug */,
				04E4BF761D8AE14200ED79BE /* Release */,
			);
			defaultConfigurationIsVisible = 0;
		};
		04E4BF771D8AE14200ED79BE /* Build configuration list for PBXNativeTarget "FoodAppIMessageTests" */ = {
			isa = XCConfigurationList;
			buildConfigurations = (
				04E4BF781D8AE14200ED79BE /* Debug */,
				04E4BF791D8AE14200ED79BE /* Release */,
			);
			defaultConfigurationIsVisible = 0;
		};
		04E4BF7A1D8AE14200ED79BE /* Build configuration list for PBXNativeTarget "FoodAppIMessageUITests" */ = {
			isa = XCConfigurationList;
			buildConfigurations = (
				04E4BF7B1D8AE14200ED79BE /* Debug */,
				04E4BF7C1D8AE14200ED79BE /* Release */,
			);
			defaultConfigurationIsVisible = 0;
		};
		04E4BF911D8AE17D00ED79BE /* Build configuration list for PBXNativeTarget "FoodIMessage" */ = {
			isa = XCConfigurationList;
			buildConfigurations = (
				04E4BF921D8AE17D00ED79BE /* Debug */,
				04E4BF931D8AE17D00ED79BE /* Release */,
			);
			defaultConfigurationIsVisible = 0;
		};
/* End XCConfigurationList section */
	};
	rootObject = 04E4BF441D8AE14100ED79BE /* Project object */;
}
